{
  "version": "4",
  "specifiers": {
    "jsr:@b-fuze/deno-dom@*": "0.1.48",
    "jsr:@denosaurs/plug@1.0.5": "1.0.5",
    "jsr:@std/assert@0.214": "0.214.0",
    "jsr:@std/assert@0.217": "0.217.0",
    "jsr:@std/encoding@0.214": "0.214.0",
    "jsr:@std/encoding@0.217.0": "0.217.0",
    "jsr:@std/fmt@0.214": "0.214.0",
    "jsr:@std/fs@0.214": "0.214.0",
    "jsr:@std/fs@0.217.0": "0.217.0",
    "jsr:@std/path@0.214": "0.214.0",
    "jsr:@std/path@0.217": "0.217.0",
    "jsr:@std/path@0.217.0": "0.217.0",
    "npm:@types/node@*": "22.5.4"
  },
  "jsr": {
    "@b-fuze/deno-dom@0.1.48": {
      "integrity": "bf5b591aef2e9e9c59adfcbb93a9ecd45bab5b7c8263625beafa5c8f1662e7da"
    },
    "@denosaurs/plug@1.0.5": {
      "integrity": "04cd988da558adc226202d88c3a434d5fcc08146eaf4baf0cea0c2284b16d2bf",
      "dependencies": [
        "jsr:@std/encoding@0.214",
        "jsr:@std/fmt",
        "jsr:@std/fs@0.214",
        "jsr:@std/path@0.214"
      ]
    },
    "@std/assert@0.214.0": {
      "integrity": "55d398de76a9828fd3b1aa653f4dba3eee4c6985d90c514865d2be9bd082b140"
    },
    "@std/assert@0.217.0": {
      "integrity": "c98e279362ca6982d5285c3b89517b757c1e3477ee9f14eb2fdf80a45aaa9642"
    },
    "@std/encoding@0.214.0": {
      "integrity": "30a8713e1db22986c7e780555ffd2fefd1d4f9374d734bb41f5970f6c3352af5"
    },
    "@std/encoding@0.217.0": {
      "integrity": "b03e8ff94c98d6b6a02c02c5cf8e5d203400155516248964fc4559abc04669dc"
    },
    "@std/fmt@0.214.0": {
      "integrity": "40382cff88a0783b347b4d69b94cf931ab8e549a733916718cb866c08efac4d4"
    },
    "@std/fs@0.214.0": {
      "integrity": "bc880fea0be120cb1550b1ed7faf92fe071003d83f2456a1e129b39193d85bea",
      "dependencies": [
        "jsr:@std/assert@0.214",
        "jsr:@std/path@0.214"
      ]
    },
    "@std/fs@0.217.0": {
      "integrity": "0bfff5f3618d68c385b28b4ffbf3a15c98293a0f1186444458b62e0111ce77b2",
      "dependencies": [
        "jsr:@std/assert@0.217",
        "jsr:@std/path@0.217"
      ]
    },
    "@std/path@0.214.0": {
      "integrity": "d5577c0b8d66f7e8e3586d864ebdf178bb326145a3611da5a51c961740300285",
      "dependencies": [
        "jsr:@std/assert@0.214"
      ]
    },
    "@std/path@0.217.0": {
      "integrity": "1217cc25534bca9a2f672d7fe7c6f356e4027df400c0e85c0ef3e4343bc67d11",
      "dependencies": [
        "jsr:@std/assert@0.217"
      ]
    }
  },
  "npm": {
    "@types/node@22.5.4": {
      "integrity": "sha512-FDuKUJQm/ju9fT/SeX/6+gBzoPzlVCzfzmGkwKvRHQVxi4BntVbyIwf6a4Xn62mrvndLiml6z/UBXIdEVjQLXg==",
      "dependencies": [
        "undici-types"
      ]
    },
    "undici-types@6.19.8": {
      "integrity": "sha512-ve2KP6f/JnbPBFyobGHuerC9g1FYGn/F8n1LWTwNxCEzd6IfqTwUQcNXgEtmmQ6DlRrC1hrSrBnCZPokRrDHjw=="
    }
  },
  "redirects": {
    "https://deno.land/x/deno_dom/deno-dom-wasm.ts": "https://deno.land/x/deno_dom@v0.1.48/deno-dom-wasm.ts",
    "https://deno.land/x/skia_canvas/mod.ts": "https://deno.land/x/skia_canvas@0.5.8/mod.ts",
    "https://esm.sh/@axe-core/puppeteer": "https://esm.sh/@axe-core/puppeteer@4.10.1",
    "https://esm.sh/axe-core": "https://esm.sh/axe-core@4.10.2"
  },
  "remote": {
    "https://deno.land/std@0.150.0/media_types/_util.ts": "ce9b4fc4ba1c447dafab619055e20fd88236ca6bdd7834a21f98bd193c3fbfa1",
    "https://deno.land/std@0.150.0/media_types/mod.ts": "2d4b6f32a087029272dc59e0a55ae3cc4d1b27b794ccf528e94b1925795b3118",
    "https://deno.land/std@0.150.0/media_types/vendor/mime-db.v1.52.0.ts": "724cee25fa40f1a52d3937d6b4fbbfdd7791ff55e1b7ac08d9319d5632c7f5af",
    "https://deno.land/x/deno_dom@v0.1.48/build/deno-wasm/deno-wasm.js": "d6841a06342eb6a2798ef28de79ad69c0f2fa349fa04d3ca45e5fcfbf50a9340",
    "https://deno.land/x/deno_dom@v0.1.48/deno-dom-wasm.ts": "0669396686fb207f1354af33df6aabe2189b4eceafdb1bf7f3d6bbb2637b6b03",
    "https://deno.land/x/deno_dom@v0.1.48/src/api.ts": "0ff5790f0a3eeecb4e00b7d8fbfa319b165962cf6d0182a65ba90f158d74f7d7",
    "https://deno.land/x/deno_dom@v0.1.48/src/constructor-lock.ts": "0e7b297e8b9cf921a3b0d3a692ec5fb462c5afc47ec554292e20090b9e16b40a",
    "https://deno.land/x/deno_dom@v0.1.48/src/deserialize.ts": "1cf4096678d8afed8ed28dbad690504c4d2c28149ba768b26eacd1416873425b",
    "https://deno.land/x/deno_dom@v0.1.48/src/dom/document-fragment.ts": "1c7352a3c816587ed7fad574b42636198f680f17abc3836fcfe7799b31e7718f",
    "https://deno.land/x/deno_dom@v0.1.48/src/dom/document.ts": "f8503c0ffe0d703535e84d174f1c30aa31eff15e1450777d7f2e8da81546c002",
    "https://deno.land/x/deno_dom@v0.1.48/src/dom/dom-parser.ts": "784ee0e766d4a01e14420f328053fd3a0016c6b40ee442edc3ae80f5d9777927",
    "https://deno.land/x/deno_dom@v0.1.48/src/dom/element.ts": "f662dbf28d2ac873ebbbe2d4ae53121d13879c2061416f6eae4e8cca58922e8b",
    "https://deno.land/x/deno_dom@v0.1.48/src/dom/elements/html-template-element.ts": "740b97a5378c9a14cccf3429299846eda240b613013e2d2d7f20b393897453c2",
    "https://deno.land/x/deno_dom@v0.1.48/src/dom/html-collection.ts": "eedc0b097612ef420d975df6924850a36a4829b35aafa4c92078609a15a52f08",
    "https://deno.land/x/deno_dom@v0.1.48/src/dom/node-list.ts": "d19fec8ed4979f43c8e117f9937b3da22acc2c8514cb1ef0074f54793cdfc8c9",
    "https://deno.land/x/deno_dom@v0.1.48/src/dom/node.ts": "c93e5f6b6c011cbad6f8728d65459782b911e097f9d0c8c99a51591f7c936449",
    "https://deno.land/x/deno_dom@v0.1.48/src/dom/selectors/custom-api.ts": "852696bd58e534bc41bd3be9e2250b60b67cd95fd28ed16b1deff1d548531a71",
    "https://deno.land/x/deno_dom@v0.1.48/src/dom/selectors/nwsapi-types.ts": "c43b36c36acc5d32caabaa54fda8c9d239b2b0fcbce9a28efb93c84aa1021698",
    "https://deno.land/x/deno_dom@v0.1.48/src/dom/selectors/nwsapi.js": "985d7d8fc1eabbb88946b47a1c44c1b2d4aa79ff23c21424219f1528fa27a2ff",
    "https://deno.land/x/deno_dom@v0.1.48/src/dom/selectors/selectors.ts": "83eab57be2290fb48e3130533448c93c6c61239f2a2f3b85f1917f80ca0fdc75",
    "https://deno.land/x/deno_dom@v0.1.48/src/dom/selectors/sizzle-types.ts": "78149e2502409989ce861ed636b813b059e16bc267bb543e7c2b26ef43e4798b",
    "https://deno.land/x/deno_dom@v0.1.48/src/dom/selectors/sizzle.js": "c3aed60c1045a106d8e546ac2f85cc82e65f62d9af2f8f515210b9212286682a",
    "https://deno.land/x/deno_dom@v0.1.48/src/dom/utils-types.ts": "96db30e3e4a75b194201bb9fa30988215da7f91b380fca6a5143e51ece2a8436",
    "https://deno.land/x/deno_dom@v0.1.48/src/dom/utils.ts": "4c6206516fb8f61f37a209c829e812c4f5a183e46d082934dd14c91bde939263",
    "https://deno.land/x/deno_dom@v0.1.48/src/parser.ts": "e06b2300d693e6ae7564e53dfa5c9a9e97fdb8c044c39c52c8b93b5d60860be3",
    "https://deno.land/x/skia_canvas@0.5.8/deno.json": "7f1017d4c9b059780f9b0678a836f73a46d5e6a377bdbdeab913c310323039fa",
    "https://deno.land/x/skia_canvas@0.5.8/deps.ts": "626609fa1170ed44c242aa640ef70aa0d631dc658ec80327b444230fb8eac071",
    "https://deno.land/x/skia_canvas@0.5.8/mod.ts": "62b65707c46334f15f94647be6280c818d90d9976ef8ca70eb607954b9539e5e",
    "https://deno.land/x/skia_canvas@0.5.8/src/canvas.ts": "2efe1bfa69328917b73d7f459a36e4f03c7365931c57733bd5efd157d0db4383",
    "https://deno.land/x/skia_canvas@0.5.8/src/context2d.ts": "ae6c4819237e728fd0804ad7cb910512d5ca836a9a2fdadc94f75ef90f9a442d",
    "https://deno.land/x/skia_canvas@0.5.8/src/dommatrix.ts": "1f09349bceb483deb2dffa514c8a940a7cd7d61a6a6d0269a3f9837ce5cbe7d6",
    "https://deno.land/x/skia_canvas@0.5.8/src/ffi.ts": "da882dee4f53e279390feac85221e0eba59a328ace688bd26dcc2a31dcc2de1f",
    "https://deno.land/x/skia_canvas@0.5.8/src/filter.ts": "e4cf8a7a76eb60325e623bba09e500c51d465e9c8b44a86e6f6e469c8358644d",
    "https://deno.land/x/skia_canvas@0.5.8/src/font.ts": "d5389bafce753429db9a211a3df623d447a20ed27ab7330f5f18146facbb7923",
    "https://deno.land/x/skia_canvas@0.5.8/src/gradient.ts": "19fc4543e75a0550a719aa123b08340b3d6255b847d85a14093ac9cc927b5b3d",
    "https://deno.land/x/skia_canvas@0.5.8/src/image.ts": "873a8be80f06d5c25277a576575ac7c8909785ca2188ebbc80775d7a98e0f7b6",
    "https://deno.land/x/skia_canvas@0.5.8/src/parse_font.ts": "1f0fda5e18237d7cc594f5605b2d4dbf4f275134a3b75b738e1327c1e6aabc57",
    "https://deno.land/x/skia_canvas@0.5.8/src/path2d.ts": "d89e5fedac323827982ee0eb47ca899d89afb7e130db3fe117a26a801ac495ba",
    "https://deno.land/x/skia_canvas@0.5.8/src/pattern.ts": "bb7d7261a41bfaaf3c144e65596201dfa538679674d8b333b2592258d745d8cc",
    "https://deno.land/x/skia_canvas@0.5.8/src/pdfdocument.ts": "ef0352f7ae7d770c9d664fa26de406027e936d8068457cc4cb480dd02f2f830a",
    "https://deno.land/x/skia_canvas@0.5.8/src/svgcanvas.ts": "7f00f75b9eb2d6d3d2bc5b0c09268f94ca69723bb6ea5a0a7f38646225ee159a",
    "https://deno.land/x/xhr@0.3.0/mod.ts": "094aacd627fd9635cd942053bf8032b5223b909858fa9dc8ffa583752ff63b20",
    "https://esm.sh/@axe-core/puppeteer@4.10.1": "5b835bff139cde7b38e381591d5aa9c0181cb066d5dc81b85001f6d5820e95b1",
    "https://esm.sh/axe-core@4.10.2": "c911118345a63558ede3e5bce5a964e16ba637ad55294179fb36f05ce3f92f0a",
    "https://esm.sh/axe-core@4.7.2": "c374e78b9cbfe493cb33a63e8149094d545fd08b3953c4ed0f8f340d136b401d",
    "https://esm.sh/cheerio@1.0.0-rc.12": "6c8ec59ebdc0e8ba9b5c88f1fde3b2142e1843bc72b91e35e4ad6be142d13ed8",
    "https://esm.sh/jsdom@22.1.0": "2be85644114a5ff216acdaeb299efc74805eb898abbb96cf674472f4a0a6ede6",
    "https://esm.sh/jsdom@25.0.1": "bc5f7881b2d83f653fee63d5400c9374f8b9640be08ecb50018a8475069d77c1",
    "https://esm.sh/node-canvas@2.9.0": "54f4e042c2ea7dfd30aa274f55321641626e730c7787774c898925fede22162d",
    "https://esm.sh/puppeteer@19.11.1": "4b63605e05567fca38b9cee24a80362a61836b10008361c38e81675a37d5ce1b",
    "https://esm.sh/v135/@axe-core/puppeteer@4.10.1/denonext/puppeteer.mjs": "c7bf5425ecbe43459a53edc07b792a1b514167e488170775c6ec7cefa2f535d8",
    "https://esm.sh/v135/@babel/code-frame@7.23.5/denonext/code-frame.mjs": "e7b7097f010c42685d8b28bfd2b8a0f144276a82bb51249438c024bced9067b6",
    "https://esm.sh/v135/@babel/helper-validator-identifier@7.22.20/denonext/helper-validator-identifier.mjs": "1ad312a9040d1f3b096e90a3e6a9da7ecfc99662140852fe3862a316c2591c93",
    "https://esm.sh/v135/@babel/highlight@7.23.4/denonext/highlight.mjs": "6103cfc89ad4efcb8c90d4b5a1d344794a4b5e52903a77d03e0b9340dda025ae",
    "https://esm.sh/v135/@puppeteer/browsers@0.5.0/denonext/browsers.mjs": "5512e0b6aa5e923640d1cde5755b8cc2416c2254cfad54cdf714e20b569642a8",
    "https://esm.sh/v135/@tootallnate/once@2.0.0/denonext/once.mjs": "2c69d53dd1de1d7e5f9a78d46041f5d869f7d058f22d72e7f25821e61dddd147",
    "https://esm.sh/v135/abab@2.0.6/denonext/abab.mjs": "7101c07a728882d686222e5f5c5a6fa956a558e4f406c521f1c0b61bc60cd07d",
    "https://esm.sh/v135/agent-base@6.0.2/denonext/agent-base.mjs": "5c2339009e12d48c28aaee9842a8a8975f5ebedf50cd8e856798e98eccbd0a41",
    "https://esm.sh/v135/agent-base@7.1.0/denonext/agent-base.mjs": "0cfda332cb4694510eaeaa42dc88eed2223a9e6bed7352727a15ff163ee6b285",
    "https://esm.sh/v135/agent-base@7.1.1/denonext/agent-base.mjs": "e7f92e882f955036b3054644e3b01623bfe61065102ddfffb98099966dad628c",
    "https://esm.sh/v135/ansi-regex@5.0.1/denonext/ansi-regex.mjs": "738d194ad7037256cfcd3f87d3716d28096261492d163395badfbdab3f72ce15",
    "https://esm.sh/v135/ansi-styles@3.2.1/denonext/ansi-styles.mjs": "35138a2d958719846807028bbc6772043aac39f06f545d7dd6ebd98b2a01405c",
    "https://esm.sh/v135/axe-core@4.10.2/denonext/axe-core.mjs": "48ec289e489a10a44eb308a5e570c67722d76c1c00d023bff27ff46acda6caf6",
    "https://esm.sh/v135/axe-core@4.7.2/denonext/axe-core.mjs": "0ac87efbd6b59c59da54d05b89097d0f6e0766a3ea617783aaeb69f7396148dc",
    "https://esm.sh/v135/bl@4.1.0/denonext/bl.mjs": "d6e5432be4f17b00d07c853648704dd5325607b21ae5995f61d8ed61978e75a6",
    "https://esm.sh/v135/boolbase@1.0.0/denonext/boolbase.mjs": "4e3bd67e9b1c5c55094eae98345d0107c6a44ef57bd3d4b9579698fa44722280",
    "https://esm.sh/v135/buffer-crc32@0.2.13/denonext/buffer-crc32.mjs": "8e65c573993c2df678b998137569aee9a72c3f4a607bc4778a122756b3ce297e",
    "https://esm.sh/v135/bufferutil@4.0.8/denonext/bufferutil.mjs": "60a4618cbd1a5cb24935c55590b793d4ecb33862357d32e1d4614a0bbb90947f",
    "https://esm.sh/v135/callsites@3.1.0/denonext/callsites.mjs": "768a3d73a61b6c30abe1b906c668b289f2e17c224367a422002903deeb07505a",
    "https://esm.sh/v135/canvas@2.11.2/denonext/canvas.mjs": "4245b1d01d91b5e807b85e40e98efe28c93634260bd8cb5ac0da71c42098a1a4",
    "https://esm.sh/v135/chalk@2.4.2/denonext/chalk.mjs": "84613a7a79349c82f112937a651f56330ca8e5e79c41b7f624e736f14eac5984",
    "https://esm.sh/v135/cheerio-select@2.1.0/denonext/cheerio-select.mjs": "5b882e2ef61d79044badb386948403758e0b171f54bcd2f4975c502c8096a2df",
    "https://esm.sh/v135/cheerio@1.0.0-rc.12/denonext/cheerio.mjs": "857011c7a0c086bf86d6215e73851251dce13d4489d82b9a614de34d2696ce41",
    "https://esm.sh/v135/cheerio@1.0.0-rc.12/denonext/lib/utils.js": "23db4ab02bf34f134210e809b1bd4e8bc0115ce79dc0581d7a47e1a6b39fb379",
    "https://esm.sh/v135/chownr@1.1.4/denonext/chownr.mjs": "50d5beec5c939b7fdb50a3c3b0fb8c3521855efaa19bbcd6169708dd797ac9a7",
    "https://esm.sh/v135/chromium-bidi@0.4.7/denonext/lib/cjs/bidiMapper/bidiMapper.js": "0839c172aaac14f584ba690ea122469d3d7c65b99b2f7189c80a8aadd17d0d70",
    "https://esm.sh/v135/cliui@8.0.1/denonext/cliui.mjs": "ae61b40db8f38866c143dfe4a7c2206bba9526fc4bdf5cec1443294420ef3eba",
    "https://esm.sh/v135/color-convert@1.9.3/denonext/color-convert.mjs": "89d400e03e822194db7a760b3ddb508fc8b450ffafc76ad3b1bb888eb3352e4d",
    "https://esm.sh/v135/color-name@1.1.3/denonext/color-name.mjs": "d861d17556df4a55292f42fb6d550d762869c8b84dcf5ad7f0d403945e125086",
    "https://esm.sh/v135/cosmiconfig@8.1.3/denonext/cosmiconfig.mjs": "fcab77bb6dce3b1946be595314ecd776c1b4cddde96964e40d91dea2870721b6",
    "https://esm.sh/v135/cross-fetch@3.1.5/denonext/cross-fetch.mjs": "784921e599fa33e784aa919a0e50a4a4099b1f5a9b482f1dfd782e7c665ea664",
    "https://esm.sh/v135/css-select@5.1.0/denonext/css-select.mjs": "7f4fb680eff2223a68fb5a1efa12e905077d7e6c44ae66c01fc437fe7af58f8b",
    "https://esm.sh/v135/css-what@6.1.0/denonext/css-what.mjs": "283d02df6fef73d3223b55324b559b363dd0e4c008ea1efbcf9f14b8f2642202",
    "https://esm.sh/v135/cssstyle@3.0.0/denonext/cssstyle.mjs": "2d7437f207001fb3aa35b5855946e5fda7eedd4670c01d1bae67ef0b2082a83e",
    "https://esm.sh/v135/cssstyle@4.1.0/denonext/cssstyle.mjs": "efe3d039b97cde71be202193e728d3f23636eca5301df3a83d21527202c4bf38",
    "https://esm.sh/v135/data-urls@4.0.0/denonext/data-urls.mjs": "459cbaf7a1233606cf79d0e6d29ec2beba9f826c07c5f7ab9205c0afb1a01c01",
    "https://esm.sh/v135/data-urls@5.0.0/denonext/data-urls.mjs": "0a38da21608a5cf482ce7f18e78b24277fc6a63e58df0f3ec210b2810026ada5",
    "https://esm.sh/v135/debug@4.3.4/denonext/debug.mjs": "d2ebf776ea77aa7df1b4460eb2a4aab245a9d5b19f11fa1db25f756b350bae9d",
    "https://esm.sh/v135/debug@4.3.5/denonext/debug.mjs": "630202cad075e6db68a6c0113dcb2cd3a9b2e0a1b63a497a82e76229ef55cb33",
    "https://esm.sh/v135/decimal.js@10.4.3/denonext/decimal.mjs": "936c013da678f9d5160e9a3aa4dd9a458040fce5dc0afb582f0ce7aa6413d572",
    "https://esm.sh/v135/dom-serializer@2.0.0/denonext/dom-serializer.mjs": "700001f5fdb9f72fc7d1f169be700489ddd7f19489b58b6e8691ff1fca9000fe",
    "https://esm.sh/v135/domelementtype@2.3.0/denonext/domelementtype.mjs": "371936c356d5ac797f2ce3a66b98dfc73e6fff0e095b2858b85668e6ad7d10e0",
    "https://esm.sh/v135/domexception@4.0.0/denonext/webidl2js-wrapper.js": "de5a055c868b4a68ff25cdceb92824b98eb3c55626937a7b784c2ed710db984a",
    "https://esm.sh/v135/domhandler@5.0.3/denonext/domhandler.mjs": "8c6e56c4596bbe7e9fd9d615f8fcdec7f11075f217bdc966a02ebe89c01b9f6f",
    "https://esm.sh/v135/domutils@3.1.0/denonext/domutils.mjs": "2a86554cc5f543a068bbf6ea6ed0647f4ad4c3ccb555f0da9fae09180cd7b611",
    "https://esm.sh/v135/emoji-regex@8.0.0/denonext/emoji-regex.mjs": "da8ce329dbc5d6fab22dc15280b7f53836043511ca208246f376e0808d98c656",
    "https://esm.sh/v135/end-of-stream@1.4.4/denonext/end-of-stream.mjs": "5eaf8ba6f7550da833b916236d3f97a393169d39ebd9012239fb43c161f6e4db",
    "https://esm.sh/v135/entities@4.5.0/denonext/entities.mjs": "a9e8f9c22022c34755d1189030ac30c68545ccf8532fa32654c50fe9d90a13a1",
    "https://esm.sh/v135/entities@4.5.0/denonext/lib/decode.js": "7fea6d8bd725edbbf7ea05031d2ea1bbbc1166dc11e3345d541198dd2dc16f1e",
    "https://esm.sh/v135/entities@4.5.0/denonext/lib/escape.js": "7ebdc622bf3618bab25db40da4a49e2b9d03f044745f125f0bc3359f2d060def",
    "https://esm.sh/v135/error-ex@1.3.2/denonext/error-ex.mjs": "57a870c17205643710b95380c85d35bd331243ae60358cbd961d9a97952db928",
    "https://esm.sh/v135/escalade@3.1.1/denonext/sync.js": "9a3234bc32771d5f39cb1054ae66351d44a35235c4b8fed07e8241d7215f0b23",
    "https://esm.sh/v135/escape-string-regexp@1.0.5/denonext/escape-string-regexp.mjs": "51de6a8a3f3b493da11d68ecafefb2cc85d87f1bab101d134865365beba82a46",
    "https://esm.sh/v135/extract-zip@2.0.1/denonext/extract-zip.mjs": "28fa372cb2f5d61e0c4e3b28adac46e614de3930e918e54a95b87031a51b6a64",
    "https://esm.sh/v135/fd-slicer@1.1.0/denonext/fd-slicer.mjs": "df8d8814cb81a29b0e2291f0d10c1f302e40d29e9d4d5bfb02691a96d9e6485f",
    "https://esm.sh/v135/form-data@4.0.0/denonext/form-data.mjs": "48e84ac3b590bc364839367938d7e48ca37615a0c66e56dcc7356c3172ec7790",
    "https://esm.sh/v135/form-data@4.0.1/denonext/form-data.mjs": "c39c523082a67f0905290b4cc483d036965ddd6c6f3071a1c9914521125f47c6",
    "https://esm.sh/v135/fs-constants@1.0.0/denonext/fs-constants.mjs": "3b25ee859a3619fde9597c3fcf2d94e5e573f87861e4e36823559185ffc70769",
    "https://esm.sh/v135/get-caller-file@2.0.5/denonext/get-caller-file.mjs": "6499276b8de4753fad331af2a8fff9efb8f4aebb5111c94b0430f751b4aac6e5",
    "https://esm.sh/v135/get-stream@5.2.0/denonext/get-stream.mjs": "a1e746c2319af5857ef8b37b73e39baa2c3ca627601f7689259fe93ff8fc1cc9",
    "https://esm.sh/v135/html-encoding-sniffer@3.0.0/denonext/html-encoding-sniffer.mjs": "067d5f3a902e03275cfe2b3e1baf184124d2beebb6b420ab7cdea06f95f2081e",
    "https://esm.sh/v135/html-encoding-sniffer@4.0.0/denonext/html-encoding-sniffer.mjs": "0063fd0b31101a12f0247fadb3ec62588abf656c34d6fea04cec631e40407593",
    "https://esm.sh/v135/htmlparser2@8.0.2/denonext/htmlparser2.mjs": "219a31d81c87d8ea21bec9be33d0d03bb8942c8b79fb8b9e2e6a05b826fc24dc",
    "https://esm.sh/v135/http-proxy-agent@5.0.0/denonext/http-proxy-agent.mjs": "e022d2ec2e3c468422f8ce19df4345b57352d680f53643ff09bd6e26c01c7358",
    "https://esm.sh/v135/http-proxy-agent@7.0.2/denonext/http-proxy-agent.mjs": "df21dcd8cdb45e363640a913a218d334ac0dcdc1adb238523d06e9e9a1dfb6cc",
    "https://esm.sh/v135/https-proxy-agent@5.0.1/denonext/https-proxy-agent.mjs": "a8b225bd7f26f3d970ba901e5a6c016cadcd4f677311a1d2b32c74c0409347d1",
    "https://esm.sh/v135/https-proxy-agent@7.0.5/denonext/https-proxy-agent.mjs": "3ae696a782a0bfc2a549d7f4d26d41f76bb15e8085b11f068ca19bef25b0a8a6",
    "https://esm.sh/v135/iconv-lite@0.6.3/denonext/iconv-lite.mjs": "768e37377191ab3c7414bbb15fce202a328c411da0429764984c79b8bc65abd4",
    "https://esm.sh/v135/import-fresh@3.3.0/denonext/import-fresh.mjs": "b8ad232197ee4da401d16726f71d1e1ebc72fe6356ef90c95151f688f4c8c518",
    "https://esm.sh/v135/inherits@2.0.4/denonext/inherits.mjs": "8095f3d6aea060c904fb24ae50f2882779c0acbe5d56814514c8b5153f3b4b3b",
    "https://esm.sh/v135/is-arrayish@0.2.1/denonext/is-arrayish.mjs": "db572f46b46c61b59d0ba39ea2f13f0611f259b41fc90d42978d6d7d7c35d999",
    "https://esm.sh/v135/is-fullwidth-code-point@3.0.0/denonext/is-fullwidth-code-point.mjs": "c499d96ea8ae837a9e8d2f64d39411eccb8f931e0fb802ae84b6edb731f5afbc",
    "https://esm.sh/v135/is-potential-custom-element-name@1.0.1/denonext/is-potential-custom-element-name.mjs": "de2781ef99795b662f43c0840c3dcfdc303f9e60a75e66924370f902133469ed",
    "https://esm.sh/v135/js-tokens@4.0.0/denonext/js-tokens.mjs": "023e64119966814c439af6df3470f26c561a2a4fa04351ddc1f3c0a626cae467",
    "https://esm.sh/v135/js-yaml@4.1.0/denonext/js-yaml.mjs": "b4e4f1b1cadcc873d4079f242cdc811b1a36fdd0eb01b9b54ca2ae6e2ff2a92f",
    "https://esm.sh/v135/jsdom@22.1.0/denonext/jsdom.mjs": "7592e3cbf8952c8b300a2da1684d718fe63b62900bfdb7b94ffa772826db55b7",
    "https://esm.sh/v135/jsdom@25.0.1/denonext/jsdom.mjs": "166355ac54ff09711e7c6e8182ea68a008045d4921a8ef67fca627bc4a2998cd",
    "https://esm.sh/v135/json-parse-even-better-errors@2.3.1/denonext/json-parse-even-better-errors.mjs": "c12f593505be9657724c59679b4b47dc59c6563704506eb1ad722276b3cceac5",
    "https://esm.sh/v135/lines-and-columns@1.2.4/denonext/lines-and-columns.mjs": "7abe81c1b8e54c1bd3df119e80af6034010df73434292f237d821fa02d8ebe3a",
    "https://esm.sh/v135/mitt@3.0.0/denonext/mitt.mjs": "4afe21572fb471e15f6a9b7f139bcd12fdbc2e730e0f3e15eadb7d19e18a12f8",
    "https://esm.sh/v135/mkdirp-classic@0.5.3/denonext/mkdirp-classic.mjs": "431d65d3fa48ff1bd77c5b8e7167cc0174916b500415b8e03ba21e39deef2ea5",
    "https://esm.sh/v135/ms@2.1.2/denonext/ms.mjs": "aa4dc45ba72554c5011168f8910cc646c37af53cfff1a15a4decced838b8eb14",
    "https://esm.sh/v135/node-canvas@2.9.0/denonext/node-canvas.mjs": "13d3b0d3318767cec1cf533a4879b10c5b57c5c6d4aa9156999e7189f9d63f8b",
    "https://esm.sh/v135/node-gyp-build@4.6.1/denonext/node-gyp-build.mjs": "5d28b312f145a6cb2ec0dbdd80a7d34c0e0e6b5dcada65411d8bcff6c8991cc6",
    "https://esm.sh/v135/node-gyp-build@4.8.1/denonext/node-gyp-build.mjs": "cddfc39c5f2d6e228fb1cd8cc36a594d870470b01348f866a7fb4e6f3ed8c66d",
    "https://esm.sh/v135/nth-check@2.1.1/denonext/nth-check.mjs": "638b4f5a22236cd05c7d1d43e5c6ea719695c4a8bc7beccdf8d97a434bea96dc",
    "https://esm.sh/v135/nwsapi@2.2.12/denonext/nwsapi.mjs": "87d0568c6575b019ee9522a4bae67d9dafd1d20e6c24720170cb622aba67a63b",
    "https://esm.sh/v135/nwsapi@2.2.13/denonext/nwsapi.mjs": "773c2d2e110da9a54256cf87865d4c2180111cdce7dbe52c048f7c66784bd37c",
    "https://esm.sh/v135/nwsapi@2.2.7/denonext/nwsapi.mjs": "0fbf1a70adddb4cea42e3ec72655fdf732ceedb4efc3b7b9c04c1ee5a3dce537",
    "https://esm.sh/v135/once@1.4.0/denonext/once.mjs": "5ab9193c36609f6c5cf6f1e2e37dd952c87d8ff0b0267433c29b228a2c470cd5",
    "https://esm.sh/v135/parent-module@1.0.1/denonext/parent-module.mjs": "c35308c2ddb282f4c396672c8169b7e11899c1a4aba41789bca8fdbb170b30f8",
    "https://esm.sh/v135/parse-json@5.2.0/denonext/parse-json.mjs": "b0135290c231f67f89b7bed0a330b9b005b600a6783af7b17779c5b41767b3f1",
    "https://esm.sh/v135/parse5-htmlparser2-tree-adapter@7.0.0/denonext/parse5-htmlparser2-tree-adapter.mjs": "2e8c24c6859e24e7c0f1e634574f8c014860868a603e85430b98212460e25091",
    "https://esm.sh/v135/parse5-htmlparser2-tree-adapter@7.1.0/denonext/parse5-htmlparser2-tree-adapter.mjs": "18462653ef289e549b778c7d55869f0f452394a91d7955a0bb2bd4e9935a9dba",
    "https://esm.sh/v135/parse5@7.1.2/denonext/parse5.mjs": "35bb04ec36a1c25c8cd8137296d64d16fd523a8ad1c2b63c41ba867fcd455c36",
    "https://esm.sh/v135/parse5@7.2.1/denonext/parse5.mjs": "1fc13be00aa36d894f2960fe0ff1ab1b4e6834be86420f05ede9981921a04619",
    "https://esm.sh/v135/path-type@4.0.0/denonext/path-type.mjs": "4abc3de4570eeec43527a155d3f9db83ecd3c2ed4b719f6b8eb1dd9f3ad16711",
    "https://esm.sh/v135/pend@1.2.0/denonext/pend.mjs": "d1e8e306939cc0a21596689c44fd3c42fe98521c4595e7210087bc48ced0ef7d",
    "https://esm.sh/v135/progress@2.0.3/denonext/progress.mjs": "344d149d0884888a9c45a4a30a0c9e3d3927de7a9413cf56912333aa659267e9",
    "https://esm.sh/v135/proxy-from-env@1.1.0/denonext/proxy-from-env.mjs": "5a2113ba20eb6fc83d6d68efd3aa65c4b61f05611da20339b14d165807eccfd7",
    "https://esm.sh/v135/psl@1.9.0/denonext/psl.mjs": "f40e9bcba5f6602eeb677f85f8e2b5c24b706bade58ced5b272044ebea609d9b",
    "https://esm.sh/v135/pump@3.0.0/denonext/pump.mjs": "461d449919a103a81957aebed8792932ec2298be2f429f6018f8b10f7758b849",
    "https://esm.sh/v135/puppeteer-core@19.11.1/denonext/internal/api/Browser.js": "d85dfc8e522a76474340b12566213f4ca5420318e19625c97661f8528903e58d",
    "https://esm.sh/v135/puppeteer-core@19.11.1/denonext/internal/api/BrowserContext.js": "325fdfdbef3186a6c35d8a1400142c5b2c18e0a9e57b305b14d0787e9f34a171",
    "https://esm.sh/v135/puppeteer-core@19.11.1/denonext/internal/api/ElementHandle.js": "3c0248140d671afaca2b250a8bf7a6b4bf4d31fd7d890c3fb71e206330fdc1fb",
    "https://esm.sh/v135/puppeteer-core@19.11.1/denonext/internal/api/HTTPRequest.js": "886672de195f44a65a89db5c7d8b748e5b848f44ecfebda134b7195b8b8aae0e",
    "https://esm.sh/v135/puppeteer-core@19.11.1/denonext/internal/api/HTTPResponse.js": "0cb3e8af4d8477870d6607288bb34ab2c1c96658ce214519c0ad8cef17172470",
    "https://esm.sh/v135/puppeteer-core@19.11.1/denonext/internal/api/JSHandle.js": "7a7c65edbc31b5705ce287f8a9f24285951cb830dcf02b05dcc2d94ba1edc5c4",
    "https://esm.sh/v135/puppeteer-core@19.11.1/denonext/internal/api/Page.js": "08c3357d567a8698f25d6dec02594bfad7d4e7d15a8dbd006303d733e3927f6d",
    "https://esm.sh/v135/puppeteer-core@19.11.1/denonext/internal/api/api.js": "3c2738414ac4e01ad52dd52a4bf5498192ee41ab1e552857f91c72dd6d5508fb",
    "https://esm.sh/v135/puppeteer-core@19.11.1/denonext/internal/common/Accessibility.js": "196326b164136f49419877f658287382c297135d9350bd31500700bc653a01ff",
    "https://esm.sh/v135/puppeteer-core@19.11.1/denonext/internal/common/AriaQueryHandler.js": "fd5284c5a3d39fd3e42360a53ec27006814c972881f29f308d14d51785fe0619",
    "https://esm.sh/v135/puppeteer-core@19.11.1/denonext/internal/common/Binding.js": "1085cd9fabb0ab2467a95ae9ca953a429b9f8c4692bf9d15b84cd1c0f48cafaf",
    "https://esm.sh/v135/puppeteer-core@19.11.1/denonext/internal/common/Browser.js": "b0c4bd394be417ffb62a9789ad9e7bc2e90ee9844e2227d053b4b53d0e2dd567",
    "https://esm.sh/v135/puppeteer-core@19.11.1/denonext/internal/common/BrowserConnector.js": "efacd69efc4a9eac6180363ed465c7b0a00a288696cec43c2a3825a1d4d35374",
    "https://esm.sh/v135/puppeteer-core@19.11.1/denonext/internal/common/BrowserWebSocketTransport.js": "2803dc6616aa1eafe1eda58f38b71ccff9288ea2ecc2f8379b2e51db54404ad1",
    "https://esm.sh/v135/puppeteer-core@19.11.1/denonext/internal/common/ChromeTargetManager.js": "5e3b3f1d14e4fe098f1db097172fb7e109ffc88f066449db6a28c3dd37a4b232",
    "https://esm.sh/v135/puppeteer-core@19.11.1/denonext/internal/common/Configuration.js": "454e435a78bf8efdbb1487073c8845db84a48df7469459d4c3fa1823605a7219",
    "https://esm.sh/v135/puppeteer-core@19.11.1/denonext/internal/common/Connection.js": "70ea8bb7b3f8420f9c8219885846ce6e3cccb473685a15b79a36fedb2207e3ea",
    "https://esm.sh/v135/puppeteer-core@19.11.1/denonext/internal/common/ConnectionTransport.js": "ebbd674a8ee2a4280e39654ccfe91bd747c29d17e574f410cf47f245af7566b0",
    "https://esm.sh/v135/puppeteer-core@19.11.1/denonext/internal/common/ConsoleMessage.js": "5a372abc14bc09fcf55a5989a63812af830199379f89d2fb5f58aaf3bfcc3004",
    "https://esm.sh/v135/puppeteer-core@19.11.1/denonext/internal/common/Coverage.js": "7965d5b37b25312f52953fa858d0ebe3d7121da8773ea4a23f92232a023239c9",
    "https://esm.sh/v135/puppeteer-core@19.11.1/denonext/internal/common/CustomQueryHandler.js": "6756e3af60a1936514e129cec52034f5180230c89a3ce2363cebd1c3f82779a8",
    "https://esm.sh/v135/puppeteer-core@19.11.1/denonext/internal/common/Debug.js": "85adbce4a4753e6d0087c6488fd422a9f51f2732dd64dbb39e048edd46bdaef1",
    "https://esm.sh/v135/puppeteer-core@19.11.1/denonext/internal/common/Device.js": "37a32d264d53e90c8905266cbcc475958e29d2dc36aea9a48b8c90206c70fe1d",
    "https://esm.sh/v135/puppeteer-core@19.11.1/denonext/internal/common/DeviceRequestPrompt.js": "a76e25d4fc9295ab77f3bbbb4bb7015097e6db9b3bfb822bce1ffb75ea30f281",
    "https://esm.sh/v135/puppeteer-core@19.11.1/denonext/internal/common/Dialog.js": "05ad5b067884cf9544ae93fd5e91930e9892e587208ccc6c0e4dfa27a277a6e3",
    "https://esm.sh/v135/puppeteer-core@19.11.1/denonext/internal/common/ElementHandle.js": "f05f984fc18a2cd3803cd4277f113f86bd49c8eff722918f8a01f578c2f26582",
    "https://esm.sh/v135/puppeteer-core@19.11.1/denonext/internal/common/EmulationManager.js": "e8f7c69fe9de35a13e2a1c8ac5ee7ad6d0e3b7984f906b28ce8ca205741fa697",
    "https://esm.sh/v135/puppeteer-core@19.11.1/denonext/internal/common/Errors.js": "8c12738a95724ed4c1c56c4622e410d8898c3f7cbe80ed62ca946446f3b5fb7a",
    "https://esm.sh/v135/puppeteer-core@19.11.1/denonext/internal/common/EventEmitter.js": "e487d82112356fa53e2b63fe2a66ab95acf42e1ff0a59755c7bc46ccba6c90bf",
    "https://esm.sh/v135/puppeteer-core@19.11.1/denonext/internal/common/ExecutionContext.js": "8a50a6d0f7b4b1be445a08381c96941b6b863eca9bf3ba7f3b203bbe0459ae30",
    "https://esm.sh/v135/puppeteer-core@19.11.1/denonext/internal/common/FileChooser.js": "fe34d2aeb33b8f058b2614031e8cd3f6801c27b48eecb084ed6e5802a4302439",
    "https://esm.sh/v135/puppeteer-core@19.11.1/denonext/internal/common/FirefoxTargetManager.js": "0403b0d9494aac2b071e43959ab46e404caebc4f90c344d4640f55cac362d88c",
    "https://esm.sh/v135/puppeteer-core@19.11.1/denonext/internal/common/Frame.js": "d2ec6376007cd6123d71bcb200dbd9b20b3a57c65bc412b9e17f6917b36805d1",
    "https://esm.sh/v135/puppeteer-core@19.11.1/denonext/internal/common/FrameManager.js": "184d3ef4d76a1e629be78401ec2444c5538e0f323801c2aa7ff516b45ba5cfe4",
    "https://esm.sh/v135/puppeteer-core@19.11.1/denonext/internal/common/FrameTree.js": "d8673b2a0e8522d8719c8f8d4b26e012adb7fbd1b0e3b518e1440dd2a26a159d",
    "https://esm.sh/v135/puppeteer-core@19.11.1/denonext/internal/common/GetQueryHandler.js": "3526bf5a4086476421887aa79ab99cfb3cbc9ab03014e7e8d0b1ab402bc9a19e",
    "https://esm.sh/v135/puppeteer-core@19.11.1/denonext/internal/common/HTTPRequest.js": "cfdf0298f756e68bf7938a67eec5a84e4d37fef1659d7a4653720486a5a68b65",
    "https://esm.sh/v135/puppeteer-core@19.11.1/denonext/internal/common/HTTPResponse.js": "ccd738a2e0fd2a7eb36ebd4e3e5bb6c3b1257a197ff590dbc6a7401af2e5aa66",
    "https://esm.sh/v135/puppeteer-core@19.11.1/denonext/internal/common/HandleIterator.js": "126a28ad165d0526769f307dcd0567dbbc671644f28ef369fb312d25a246bdde",
    "https://esm.sh/v135/puppeteer-core@19.11.1/denonext/internal/common/Input.js": "bea211f97ec41afaeac0d00d8677542bb51b59708c15973bc993e9fdc3e1f83d",
    "https://esm.sh/v135/puppeteer-core@19.11.1/denonext/internal/common/IsolatedWorld.js": "6702cd5e2f8f0b802c03b13ce7ce0c1fa70713a8ef98dcc150cd075218f3eaa4",
    "https://esm.sh/v135/puppeteer-core@19.11.1/denonext/internal/common/IsolatedWorlds.js": "b03f872b66bdc081ad8bad41954660c2db5e97997140c97970c77eb10f2693a6",
    "https://esm.sh/v135/puppeteer-core@19.11.1/denonext/internal/common/JSHandle.js": "ca9d4d800c1b6893c01faf42e55e57da762bfe229196feb68801bcd6ca5d4f43",
    "https://esm.sh/v135/puppeteer-core@19.11.1/denonext/internal/common/LazyArg.js": "3ace700d79bb46515b21918fd6ae8d6249ac2e7066fca61d91955c8562a90aba",
    "https://esm.sh/v135/puppeteer-core@19.11.1/denonext/internal/common/LifecycleWatcher.js": "5dfe0ba2f6efaf86b8566ce3bb3a763a69402a3bca6ef696800d1c4ee4796f59",
    "https://esm.sh/v135/puppeteer-core@19.11.1/denonext/internal/common/NetworkEventManager.js": "656bd886f191e1efd0e63f733c5ef275024628f6a2efedc13f7577c0e2f27cd1",
    "https://esm.sh/v135/puppeteer-core@19.11.1/denonext/internal/common/NetworkManager.js": "30141d054b31d14b4bf464ea9986aa917fe7e55de9598b9a93bad31cc6eba568",
    "https://esm.sh/v135/puppeteer-core@19.11.1/denonext/internal/common/NodeWebSocketTransport.js": "cca14614f1c75ee663ee38fa8bc9612e59ea2f7f046fcc140c4631647386513c",
    "https://esm.sh/v135/puppeteer-core@19.11.1/denonext/internal/common/PDFOptions.js": "42e47905b2c39c691074e27a26fa4f0c9d85aa129d0ad8e4d1903da287c071e4",
    "https://esm.sh/v135/puppeteer-core@19.11.1/denonext/internal/common/PQueryHandler.js": "60ad49d749494eba8c6df06fbfc99fe5e66b607a19fe79533501839225054cd5",
    "https://esm.sh/v135/puppeteer-core@19.11.1/denonext/internal/common/Page.js": "22ff566c6d253c1df3e790d67c299d471947f5d5a8e1fad9c449b05ce0cff862",
    "https://esm.sh/v135/puppeteer-core@19.11.1/denonext/internal/common/PierceQueryHandler.js": "9190aa42abb824cc616494e4045e98fa1fc1e14b18eb8ebf1cdc3367c3d9277c",
    "https://esm.sh/v135/puppeteer-core@19.11.1/denonext/internal/common/PredefinedNetworkConditions.js": "a755ab63c41c3ebb0b5b647b95c58cc754f4764362449d2a9ae4029c3028417a",
    "https://esm.sh/v135/puppeteer-core@19.11.1/denonext/internal/common/Product.js": "45c9ed2f33573ce696e02e22819a273017ff9929fb80d8c4ecff31ce29668c60",
    "https://esm.sh/v135/puppeteer-core@19.11.1/denonext/internal/common/Puppeteer.js": "1e21e2576198d25c17557c6e86b49a880caf64540a0092abdbd36b2ab9aec971",
    "https://esm.sh/v135/puppeteer-core@19.11.1/denonext/internal/common/PuppeteerViewport.js": "f76c16c4962e2dde51ba87dff1ed07e2a425ddfd3932902f2536e9aa5132115d",
    "https://esm.sh/v135/puppeteer-core@19.11.1/denonext/internal/common/QueryHandler.js": "6369b5ec84485086fca87a1382e8f6e332b31208e9c60b891eb348b1e0c1122e",
    "https://esm.sh/v135/puppeteer-core@19.11.1/denonext/internal/common/ScriptInjector.js": "d3e22ba5995849222344bb0e34d504cab6e437400080df8efe9fc00e3b5861b4",
    "https://esm.sh/v135/puppeteer-core@19.11.1/denonext/internal/common/SecurityDetails.js": "c493618bbd459afab399fca81dc0c982c5f67041f92da965ca58e5da4312af69",
    "https://esm.sh/v135/puppeteer-core@19.11.1/denonext/internal/common/Target.js": "549826c5a2332bd1a7b8b4566770718bf758df80fa57f34a51ca6033e8545e67",
    "https://esm.sh/v135/puppeteer-core@19.11.1/denonext/internal/common/TargetManager.js": "3166e4092092e9ce539bd7779fbb8049a070e0d61e375373d46292fcd9848378",
    "https://esm.sh/v135/puppeteer-core@19.11.1/denonext/internal/common/TaskQueue.js": "0ae4fdc654ffb65af2a45f4570ff64ea854b151bf334c9f2f1918210f79eb23e",
    "https://esm.sh/v135/puppeteer-core@19.11.1/denonext/internal/common/TextQueryHandler.js": "d6791bf6f190ba2912098929c7287eedbdf8350b53be0c86b47eee49b38590c6",
    "https://esm.sh/v135/puppeteer-core@19.11.1/denonext/internal/common/TimeoutSettings.js": "2e6660016de732d6a9d45d0a96e9a5bfaa16adb7d4b010817e3caa298faa03a7",
    "https://esm.sh/v135/puppeteer-core@19.11.1/denonext/internal/common/Tracing.js": "aaeaf9b90b8ecdd8bde4d7e924229e9918b637acf23a576da3dcf39613976736",
    "https://esm.sh/v135/puppeteer-core@19.11.1/denonext/internal/common/USKeyboardLayout.js": "79e7ef417c9d2c57e6d0020d3a17e4134e22ffa93e079e7d4a3e175a43186865",
    "https://esm.sh/v135/puppeteer-core@19.11.1/denonext/internal/common/WaitTask.js": "9e51732f9d6899da95d308ccf17ba0204d0df23fd5574a6831fa219992f57bb4",
    "https://esm.sh/v135/puppeteer-core@19.11.1/denonext/internal/common/WebWorker.js": "b0ecd9db167d2a11c0fb7a67121393833962b94165e9caf4ed361b292d2a3107",
    "https://esm.sh/v135/puppeteer-core@19.11.1/denonext/internal/common/XPathQueryHandler.js": "d01524c51012919234ac4083dff4e94af7c8a8264a5c1549c4e952a4aa0bf71a",
    "https://esm.sh/v135/puppeteer-core@19.11.1/denonext/internal/common/bidi/BidiOverCDP.js": "ad4d70864dbcf82a736de12efea803aab1394844da5d442a3233c9bc6d2231df",
    "https://esm.sh/v135/puppeteer-core@19.11.1/denonext/internal/common/bidi/Browser.js": "441036e9f50f02dd55fe970241519f5e3829a5a0d65953f07f41711a1644aa7a",
    "https://esm.sh/v135/puppeteer-core@19.11.1/denonext/internal/common/bidi/BrowserContext.js": "897921e32778711476ab369833b0a583732ec2f99f94a1d41ebdab22472358b9",
    "https://esm.sh/v135/puppeteer-core@19.11.1/denonext/internal/common/bidi/Connection.js": "5331356998199b5d6c6f6f4e64e63afd7e78d3aa8a04de280e256f9ada3f4634",
    "https://esm.sh/v135/puppeteer-core@19.11.1/denonext/internal/common/bidi/Context.js": "2b38727b78e591e4dbca071afd7e4ff02beef85675e31c2ec4dcee025d0ac708",
    "https://esm.sh/v135/puppeteer-core@19.11.1/denonext/internal/common/bidi/ElementHandle.js": "85935ca827c9d3a8136165446e5c363c343170e1adc6d3806a2f19aaa9770b22",
    "https://esm.sh/v135/puppeteer-core@19.11.1/denonext/internal/common/bidi/JSHandle.js": "c3393a92f50001ad4642ac2a15f54229c887772ea89fcd12e2675fc264f2e008",
    "https://esm.sh/v135/puppeteer-core@19.11.1/denonext/internal/common/bidi/Page.js": "991a40d8121f2b668ad6e4d1de62cdbf691a05a97c6c14696ba64e9cab305748",
    "https://esm.sh/v135/puppeteer-core@19.11.1/denonext/internal/common/bidi/Serializer.js": "f454587ba0550a91ca85088aca41ffd37bcd1f447906dbfe95511c66cce1602c",
    "https://esm.sh/v135/puppeteer-core@19.11.1/denonext/internal/common/bidi/utils.js": "edc5a9e5235f761aed50881c4419378035e57ebbf1fefc9cb5837d66bce5fa6e",
    "https://esm.sh/v135/puppeteer-core@19.11.1/denonext/internal/common/common.js": "5a0e073370b826d8930f6f1dd919558d5864ba1035e209012f9274e943ce41cb",
    "https://esm.sh/v135/puppeteer-core@19.11.1/denonext/internal/common/fetch.js": "c152e348f3cc257050d10a1b2ecf1538385549e65e9c4767a737f82820736928",
    "https://esm.sh/v135/puppeteer-core@19.11.1/denonext/internal/common/types.js": "9e611ea6ac58fd065476d1ebe22475fd4174efc0b4a78b4eb6307889b1d8ef65",
    "https://esm.sh/v135/puppeteer-core@19.11.1/denonext/internal/common/util.js": "e4a0beed595073922d5deadf62cdb54bff8dddd8c352accd04c2c1d498d5d38f",
    "https://esm.sh/v135/puppeteer-core@19.11.1/denonext/internal/environment.js": "4884f838c0e04ef3835d97a129cba294ab155623c77b96f5aaa811906f71adf5",
    "https://esm.sh/v135/puppeteer-core@19.11.1/denonext/internal/generated/injected.js": "371f0a678d367f941c8282974549faf6c4d82c41ac612b9765937c56489099e7",
    "https://esm.sh/v135/puppeteer-core@19.11.1/denonext/internal/generated/version.js": "9b5c53b288bc82cf72310fe10b9fa32859191c29ca98e2008af036e83c75c273",
    "https://esm.sh/v135/puppeteer-core@19.11.1/denonext/internal/node/BrowserFetcher.js": "42857834bef0d0a07b923453cc8dafdd8654caa687351ad62ddb81da3b33ee40",
    "https://esm.sh/v135/puppeteer-core@19.11.1/denonext/internal/node/ChromeLauncher.js": "7cc0ea6b2adfdb2b53f39ab5eaf346ee5722381a3c8abfcf7da9603f2a84636f",
    "https://esm.sh/v135/puppeteer-core@19.11.1/denonext/internal/node/FirefoxLauncher.js": "26aed5bc9633fdbef880b87a63d7a396e3a0096ef344cf0104dfb8d666d39120",
    "https://esm.sh/v135/puppeteer-core@19.11.1/denonext/internal/node/LaunchOptions.js": "c951af1af9b2fb784ce2b85c87447ef369cd44f086de4615809d328f46e143bf",
    "https://esm.sh/v135/puppeteer-core@19.11.1/denonext/internal/node/PipeTransport.js": "e635c1ab681d70abf3b709865a8e73ebf8241ff4b263ce9e0dfb61dc774883f5",
    "https://esm.sh/v135/puppeteer-core@19.11.1/denonext/internal/node/ProductLauncher.js": "9dd1f202eddfa25ce4ec144364275add93b70e5dde13a9b202eb6a4aa31dca76",
    "https://esm.sh/v135/puppeteer-core@19.11.1/denonext/internal/node/PuppeteerNode.js": "0064439b0959b5449c8fd2a1ac74308c23a81830c955fc14c9f72dd23d0f6a60",
    "https://esm.sh/v135/puppeteer-core@19.11.1/denonext/internal/node/node.js": "3b9af65d2b76d96bca151523517dcb0a39c2a6018c1117a256642237694df73d",
    "https://esm.sh/v135/puppeteer-core@19.11.1/denonext/internal/node/util/fs.js": "3d15b1338aa00c57539fdb5b8c9f5c06fe2388e4abc81e132a4943237d046755",
    "https://esm.sh/v135/puppeteer-core@19.11.1/denonext/internal/puppeteer-core.js": "524aa3850d3ebe6a0910429ad9f114a9d6ff692bce76a6303520a190012749e8",
    "https://esm.sh/v135/puppeteer-core@19.11.1/denonext/internal/revisions.js": "e4b0db329fa43e0042bcbc3bac020e06981a0d6f9ad30d11aef4a2ca6fc1009b",
    "https://esm.sh/v135/puppeteer-core@19.11.1/denonext/internal/util/AsyncIterableUtil.js": "f16bf686f2d72a27f75a3e4b65e516a7236271238317e658ff18fe19d236061a",
    "https://esm.sh/v135/puppeteer-core@19.11.1/denonext/internal/util/DebuggableDeferredPromise.js": "da406bb6ed5628b0b363c318521e8a65b28861f1b99475c4a5e844afeac2fb19",
    "https://esm.sh/v135/puppeteer-core@19.11.1/denonext/internal/util/DeferredPromise.js": "da4ebbc1d62894c8a7a599038eb23658c3601affebb95fe0be03027eff3015f9",
    "https://esm.sh/v135/puppeteer-core@19.11.1/denonext/internal/util/ErrorLike.js": "c78582c4874a36dc52ac6fb96a8b758997f9c113a06d704fa3b57ff878d12460",
    "https://esm.sh/v135/puppeteer-core@19.11.1/denonext/internal/util/Function.js": "28f0434a20caf5068e03a0c0fef7328e7e44015d904f99434bf176b0c58fccaa",
    "https://esm.sh/v135/puppeteer-core@19.11.1/denonext/internal/util/assert.js": "c1c5cac1c40f725dfc3b2d4e08b5139c64ddbbef155f6f4d93e80afb2b0bec69",
    "https://esm.sh/v135/puppeteer-core@19.11.1/denonext/internal/util/util.js": "cc5ac0efc41b9024c7e8916a39506d27c459da15d761cc0e3866c4a148a185cf",
    "https://esm.sh/v135/puppeteer-core@19.11.1/denonext/lib/esm/puppeteer/common/BrowserWebSocketTransport.js": "afcd3d3e44e2386fa16fd9189ab168449cbc174e640d35d878c9fd209247b3ae",
    "https://esm.sh/v135/puppeteer-core@19.11.1/denonext/lib/esm/puppeteer/common/NodeWebSocketTransport.js": "10438c019309126a92ad966b39ced3ca1845755b18a1ac7790a63607edac4bf3",
    "https://esm.sh/v135/puppeteer-core@19.11.1/denonext/lib/esm/puppeteer/common/bidi/bidi.js": "b897a136d294dc9f1efa3d313e37c40f7cb7ad1718c7b2031e3b3f5d0f39a27c",
    "https://esm.sh/v135/puppeteer-core@19.11.1/denonext/lib/esm/third_party/mitt.js": "d520729f7f04f1e21634c2f1e6cf8e84931da1e8afc5c8bafb55ecbe6fc1cc0f",
    "https://esm.sh/v135/puppeteer@19.11.1/denonext/internal/getConfiguration.js": "6ee2d1fe2c80f7d7d38f7997c08728617a315717520a0a9f5702eac3c4b78db0",
    "https://esm.sh/v135/puppeteer@19.11.1/denonext/puppeteer.mjs": "c63df96d299ac82faad0806a846958b080c2794d5776b75da195c70138fcf763",
    "https://esm.sh/v135/querystringify@2.2.0/denonext/querystringify.mjs": "4f0f639f99ec4a7ddaffb886bd7e6f3fe4b088e1fcd60336dd10d447d2093ef6",
    "https://esm.sh/v135/readable-stream@3.6.2/denonext/readable-stream.mjs": "35fc04c3200b796d676d0e83607fcfc150048bdcc5bdb7d5d836b5921049788f",
    "https://esm.sh/v135/require-directory@2.1.1/denonext/require-directory.mjs": "0f330edb6847fd486a88188a0a8ddc98dc9e45586d74b732cbbfff7f9c3b69c3",
    "https://esm.sh/v135/requires-port@1.0.0/denonext/requires-port.mjs": "c4f20b71539d08fc2662d75dfd79881fce985a0e4592268f18ac13bf53679efa",
    "https://esm.sh/v135/resolve-from@4.0.0/denonext/resolve-from.mjs": "96a4115fcd436f68afd60dab0e49b3aaba86d25f65934cc8226b9a6c61c372fb",
    "https://esm.sh/v135/rrweb-cssom@0.6.0/denonext/rrweb-cssom.mjs": "e2a14692d801a24edadd3fd4ecdf017382494258064134e33390a6bf1146950d",
    "https://esm.sh/v135/rrweb-cssom@0.7.1/denonext/rrweb-cssom.mjs": "2b52b1670d2b5c4b7f1b27bdb76fbabf4915c4bfc6197710a3c62a5ff4975e7e",
    "https://esm.sh/v135/safer-buffer@2.1.2/denonext/safer-buffer.mjs": "ce0e787812c668ba082ad5b75958490c714b6e05836bd5b6013d9f75727c006f",
    "https://esm.sh/v135/saxes@6.0.0/denonext/saxes.mjs": "c788baa838835a5122681fee10909b16677ef3574fffd610a0c980321a95302d",
    "https://esm.sh/v135/string-width@4.2.3/denonext/string-width.mjs": "40509a7b83af8b6f1aad2b062a306e7716299641a80998765f6e336693f33025",
    "https://esm.sh/v135/strip-ansi@6.0.1/denonext/strip-ansi.mjs": "6430e395d970184a06d722bd7478778fefefe40c74bc74bb6ec17719c5d9db6b",
    "https://esm.sh/v135/supports-color@5.5.0/denonext/supports-color.mjs": "71b282892b66cacbf5b14d08abfe8296b1a062f51052ac8ae6cd5151deed430b",
    "https://esm.sh/v135/symbol-tree@3.2.4/denonext/symbol-tree.mjs": "67199d1e47bd6e5b7d2715dd04d25658061c95fc4464f7d200b6aab9e439b5f4",
    "https://esm.sh/v135/tar-fs@2.1.1/denonext/tar-fs.mjs": "555f0b21c06cce8ea1da676866972912be98a5ee9a2337849a75ed54a20a4552",
    "https://esm.sh/v135/tar-stream@2.2.0/denonext/tar-stream.mjs": "b748167dfb6fec48cda44f622cd74a133efbd8b8a4528bda2dbcf73a9317b79b",
    "https://esm.sh/v135/through@2.3.8/denonext/through.mjs": "ea67ca65246081652c6155900c09fced3ac9111838816ab7a2f1bcd8447d1c51",
    "https://esm.sh/v135/tldts-core@6.1.47/denonext/tldts-core.mjs": "1ec163f0c44c05ab278859568719445a467f99d71ff63fe873a696e45560cbf1",
    "https://esm.sh/v135/tldts@6.1.47/denonext/tldts.mjs": "9d166ad2aa7f9753aac76569b46d48ccf1e846401c268d12b8f1b7bc92c5522b",
    "https://esm.sh/v135/tough-cookie@4.1.3/denonext/tough-cookie.mjs": "7a447feec9dd2fafda251963738b91a7ed4608c5f011bce15147022fc9071bac",
    "https://esm.sh/v135/tough-cookie@4.1.4/denonext/tough-cookie.mjs": "ae1e1d4b4e06675b732f72306588719bbb65c5345fd0ccb5cceca2833ec08992",
    "https://esm.sh/v135/tough-cookie@5.0.0/denonext/tough-cookie.mjs": "13a12fd7e56bd78bc54df00af86674dbffecd4bf9995a46b51ef45da09431cb9",
    "https://esm.sh/v135/tr46@4.1.1/denonext/tr46.mjs": "2042307b546151186c6912a27265e444331e3d0bd6820c92a750aa67b3e5fdfc",
    "https://esm.sh/v135/tr46@5.0.0/denonext/tr46.mjs": "66ea6f0789e30702596b0c5d0c2c2ae3e511aab829bb5b696938f61cd309e0dd",
    "https://esm.sh/v135/unbzip2-stream@1.4.3/denonext/unbzip2-stream.mjs": "76954633ded9a233b7d7c44b007af58bf9dbd0fa5e45003c256d554016eba40f",
    "https://esm.sh/v135/universalify@0.2.0/denonext/universalify.mjs": "6ebb2a9b372d4ae89f494d9b0044942dc76a5b5fb366ab3018e2bf0aeb8eae94",
    "https://esm.sh/v135/url-parse@1.5.10/denonext/url-parse.mjs": "10fa48a00b5d02da3cbe666df4a6e7f57d81d178cda8beff676ffc8cfd9ea7a1",
    "https://esm.sh/v135/utf-8-validate@6.0.3/denonext/utf-8-validate.mjs": "410c48d66840e987e474a4849cd25829817415cedd25466280effb1287d05aa5",
    "https://esm.sh/v135/utf-8-validate@6.0.4/denonext/utf-8-validate.mjs": "ab4990b545a45f10f7711c69046ee3e9c5b732b9781937f922cefd3fc99d0e88",
    "https://esm.sh/v135/util-deprecate@1.0.2/denonext/util-deprecate.mjs": "f69f67cf655c38428b0934e0f7c865c055834a87cc3866b629d6b2beb21005e9",
    "https://esm.sh/v135/w3c-xmlserializer@4.0.0/denonext/w3c-xmlserializer.mjs": "14ed7c3747ab1d0beed294704ee68a919b6e412a7e07709b3aaf1c73be3055f4",
    "https://esm.sh/v135/w3c-xmlserializer@5.0.0/denonext/w3c-xmlserializer.mjs": "62d486ecdf81d34bf972d00aae02e3bff998aafcfd2bdef73060c171e64277ce",
    "https://esm.sh/v135/webidl-conversions@7.0.0/denonext/webidl-conversions.mjs": "04e3e6917179380727c6f65cd16a5a89836fb5a104fe5524c10a0a697f88d552",
    "https://esm.sh/v135/whatwg-encoding@2.0.0/denonext/whatwg-encoding.mjs": "420b43f592cef9bfdd0618a97a961d99c95bc849f693adf797239e784ffd3bc9",
    "https://esm.sh/v135/whatwg-encoding@3.1.1/denonext/whatwg-encoding.mjs": "ecb7f2fe9fe4686e801ffaf4fa924e5860cbc3d07594a89e639d5c2ed20ca067",
    "https://esm.sh/v135/whatwg-mimetype@3.0.0/denonext/whatwg-mimetype.mjs": "59446370c8333e5956416535e9773585645c22e7ea3420c8df5d78d1e9127c59",
    "https://esm.sh/v135/whatwg-mimetype@4.0.0/denonext/whatwg-mimetype.mjs": "52577070194b4b1ebc78e6e9b457a078ca28d6f8477457bce914da555d92a5bb",
    "https://esm.sh/v135/whatwg-url@12.0.1/denonext/webidl2js-wrapper.js": "cf9ec19c5ac965acdaf16081ee102afbb9712da81b1ef2c40722d628d9002638",
    "https://esm.sh/v135/whatwg-url@12.0.1/denonext/whatwg-url.mjs": "177c3eb3dd0e457ece77f10a187ece41cfa9bb62ddee738df822d0aa5a22b0e4",
    "https://esm.sh/v135/whatwg-url@14.0.0/denonext/webidl2js-wrapper.js": "0cbda10a2d527e2144a35c70d997736e1bba16c9b9a547a59b848ebe21a4c9d0",
    "https://esm.sh/v135/whatwg-url@14.0.0/denonext/whatwg-url.mjs": "bd2aa23a676f3cfb590dc03f3b1b9afbfa0f41806714a65880ecc75c01b1d6a6",
    "https://esm.sh/v135/wrappy@1.0.2/denonext/wrappy.mjs": "3c31e4782e0307cf56b319fcec6110f925dafe6cb47a8fa23350d480f5fa8b06",
    "https://esm.sh/v135/ws@8.13.0/denonext/ws.mjs": "02954ab553533fef7bad549dd10c342b495a6e30ed8a9287e8df45dc137f5510",
    "https://esm.sh/v135/ws@8.14.2/denonext/ws.mjs": "e96033415d90efd20ce6bec551447fc2771a27e232d05689c5410582cf04ee17",
    "https://esm.sh/v135/ws@8.18.0/denonext/ws.mjs": "b4c6f51c7c4d60d2a880889c9b07e00aa367adf20a8304a365cc5e09051a5004",
    "https://esm.sh/v135/xml-name-validator@4.0.0/denonext/xml-name-validator.mjs": "69af66c891312f304a8be720961ad5cce5c49c85a3bba03275b56a70dec7a21e",
    "https://esm.sh/v135/xml-name-validator@5.0.0/denonext/xml-name-validator.mjs": "a6e6944763a721d5fd93a1a8fef6a35eb49e929d63e208440848c6a2a8055dcd",
    "https://esm.sh/v135/xmlchars@2.2.0/denonext/xml/1.0/ed5.js": "60f8f018eb1d79d69a41324155b7d9f52f1058b37060b28acc1dfc49446e549d",
    "https://esm.sh/v135/xmlchars@2.2.0/denonext/xml/1.1/ed2.js": "ba7d1fe5694f62469c4b293a1fadad332c637cbcfbc74147a296475c2ff8ad3d",
    "https://esm.sh/v135/xmlchars@2.2.0/denonext/xmlns/1.0/ed3.js": "929d15ffc72d56c8909f87e7df8288f060bda0256622e8e95c24f0decb06adc7",
    "https://esm.sh/v135/y18n@5.0.8/denonext/y18n.mjs": "2b6dff6a9688f56abe26750bb395c2707102feda94dc7e9156aea92038b10004",
    "https://esm.sh/v135/yargs-parser@21.1.1/denonext/yargs-parser.mjs": "81b68000098a71ef9ab399378da084702a66707199b5626f93a227fab3d1cf23",
    "https://esm.sh/v135/yargs@17.7.1/denonext/helpers.js": "0eac2d90a9e1a93c85a2ae760fd83d389a11302a9dd53cbae2099ebc9cf5c1ef",
    "https://esm.sh/v135/yargs@17.7.1/denonext/yargs.js": "c6f79365866262e0b63ea32d320c72a42e29a5acbeadbea1759edaf660c9b94f",
    "https://esm.sh/v135/yauzl@2.10.0/denonext/yauzl.mjs": "d1e95085c1a233dd0c2babb8c793f615bd08c3e533ac1d30f377a68d5bdd7626"
  },
  "workspace": {
    "dependencies": [
      "jsr:@std/assert@1"
    ],
    "packageJson": {
      "dependencies": [
        "npm:@axe-core/puppeteer@^4.10.1",
        "npm:puppeteer@^23.11.1"
      ]
    }
  }
}
